
Microsoft Visual Studio Solution File, Format Version 12.00
# Visual Studio Version 17
VisualStudioVersion = 17.14.36327.8
MinimumVisualStudioVersion = 10.0.40219.1
Project("{FAE04EC0-301F-11D3-BF4B-00C04F79EFBC}") = "SigniFlowMiddlewareLibrary", "SigniFlowMiddlewareLibrary\SigniFlowMiddlewareLibrary.csproj", "{C257038C-792C-4CCD-B416-D6C70074566A}"
EndProject
Project("{FAE04EC0-301F-11D3-BF4B-00C04F79EFBC}") = "SigniFlowMiddlewareApiTrigger", "SigniFlowMiddlewareApiTrigger\SigniFlowMiddlewareApiTrigger.csproj", "{E18B9F4F-860E-41DB-8EBF-C7370D27A2CB}"
EndProject
Global
	GlobalSection(SolutionConfigurationPlatforms) = preSolution
		Debug|Any CPU = Debug|Any CPU
		Release|Any CPU = Release|Any CPU
	EndGlobalSection
	GlobalSection(ProjectConfigurationPlatforms) = postSolution
		{C257038C-792C-4CCD-B416-D6C70074566A}.Debug|Any CPU.ActiveCfg = Debug|Any CPU
		{C257038C-792C-4CCD-B416-D6C70074566A}.Debug|Any CPU.Build.0 = Debug|Any CPU
		{C257038C-792C-4CCD-B416-D6C70074566A}.Release|Any CPU.ActiveCfg = Release|Any CPU
		{C257038C-792C-4CCD-B416-D6C70074566A}.Release|Any CPU.Build.0 = Release|Any CPU
		{E18B9F4F-860E-41DB-8EBF-C7370D27A2CB}.Debug|Any CPU.ActiveCfg = Debug|Any CPU
		{E18B9F4F-860E-41DB-8EBF-C7370D27A2CB}.Debug|Any CPU.Build.0 = Debug|Any CPU
		{E18B9F4F-860E-41DB-8EBF-C7370D27A2CB}.Release|Any CPU.ActiveCfg = Release|Any CPU
		{E18B9F4F-860E-41DB-8EBF-C7370D27A2CB}.Release|Any CPU.Build.0 = Release|Any CPU
	EndGlobalSection
	GlobalSection(SolutionProperties) = preSolution
		HideSolutionNode = FALSE
	EndGlobalSection
	GlobalSection(ExtensibilityGlobals) = postSolution
		SolutionGuid = {A8AC7F14-2162-4253-A6C9-293F4CAD56B5}
	EndGlobalSection
EndGlobal
